
Microsoft Visual Studio Solution File, Format Version 12.00
# Visual Studio Version 17
VisualStudioVersion = 17.8.34309.116
MinimumVisualStudioVersion = 10.0.40219.1
Project("{FAE04EC0-301F-11D3-BF4B-00C04F79EFBC}") = "BlogStar.Backend", "BlogStar.Backend\BlogStar.Backend.csproj", "{17C8B5EF-E554-44C4-A639-BB4826AE4E14}"
EndProject
Global
	GlobalSection(SolutionConfigurationPlatforms) = preSolution
		Debug|Any CPU = Debug|Any CPU
		Release|Any CPU = Release|Any CPU
	EndGlobalSection
	GlobalSection(ProjectConfigurationPlatforms) = postSolution
		{17C8B5EF-E554-44C4-A639-BB4826AE4E14}.Debug|Any CPU.ActiveCfg = Debug|Any CPU
		{17C8B5EF-E554-44C4-A639-BB4826AE4E14}.Debug|Any CPU.Build.0 = Debug|Any CPU
		{17C8B5EF-E554-44C4-A639-BB4826AE4E14}.Release|Any CPU.ActiveCfg = Release|Any CPU
		{17C8B5EF-E554-44C4-A639-BB4826AE4E14}.Release|Any CPU.Build.0 = Release|Any CPU
	EndGlobalSection
	GlobalSection(SolutionProperties) = preSolution
		HideSolutionNode = FALSE
	EndGlobalSection
	GlobalSection(ExtensibilityGlobals) = postSolution
		SolutionGuid = {92C4AB20-ECF1-4A08-9C06-6B24B95DFACF}
	EndGlobalSection
EndGlobal
